<?xml version="1.0" encoding="utf-8"?>
<Project ToolsVersion="4.0" xmlns="http://schemas.microsoft.com/developer/msbuild/2003">
  <ItemGroup>
    <Filter Include="Source Files">
      <UniqueIdentifier>{4FC737F1-C7A5-4376-A066-2A32D752A2FF}</UniqueIdentifier>
      <Extensions>cpp;c;cc;cxx;def;odl;idl;hpj;bat;asm;asmx</Extensions>
    </Filter>
    <Filter Include="Resource Files">
      <UniqueIdentifier>{67DA6AB6-F800-4c08-8B7A-83BB121AAD01}</UniqueIdentifier>
      <Extensions>rc;ico;cur;bmp;dlg;rc2;rct;bin;rgs;gif;jpg;jpeg;jpe;resx;tiff;tif;png;wav;mfcribbon-ms</Extensions>
    </Filter>
    <Filter Include="Source Files\Verifier">
      <UniqueIdentifier>{34e3579a-db9c-44c6-a083-5a4799b577a0}</UniqueIdentifier>
    </Filter>
    <Filter Include="Source Files\OS">
      <UniqueIdentifier>{953868bc-5d8d-4ec6-be5d-76777ae32700}</UniqueIdentifier>
    </Filter>
    <Filter Include="Source Files\Path">
      <UniqueIdentifier>{03118afc-539e-446b-b67a-8fefeba32d90}</UniqueIdentifier>
    </Filter>
  </ItemGroup>
  <ItemGroup>
    <ClCompile Include="main.c">
      <Filter>Source Files</Filter>
    </ClCompile>
    <ClCompile Include="Verifier.c">
      <Filter>Source Files\Verifier</Filter>
    </ClCompile>
    <ClCompile Include="OS.c">
      <Filter>Source Files\OS</Filter>
    </ClCompile>
    <ClCompile Include="Path.c">
      <Filter>Source Files\Path</Filter>
    </ClCompile>
  </ItemGroup>
  <ItemGroup>
    <ClInclude Include="Verifier.h">
      <Filter>Source Files\Verifier</Filter>
    </ClInclude>
    <ClInclude Include="OS.h">
      <Filter>Source Files\OS</Filter>
    </ClInclude>
    <ClInclude Include="Path.h">
      <Filter>Source Files\Path</Filter>
    </ClInclude>
  </ItemGroup>
</Project>